// !$*UTF8*$!
{
	archiveVersion = 1;
	classes = {
	};
	objectVersion = 50;
	objects = {

/* Begin PBXBuildFile section */
		D6CAB0622501545500A0BBF4 /* AppDelegate.swift in Sources */ = {isa = PBXBuildFile; fileRef = D6CAB0612501545500A0BBF4 /* AppDelegate.swift */; };
		D6CAB0642501545500A0BBF4 /* SceneDelegate.swift in Sources */ = {isa = PBXBuildFile; fileRef = D6CAB0632501545500A0BBF4 /* SceneDelegate.swift */; };
		D6CAB0662501545500A0BBF4 /* NotesVC.swift in Sources */ = {isa = PBXBuildFile; fileRef = D6CAB0652501545500A0BBF4 /* NotesVC.swift */; };
		D6CAB0692501545500A0BBF4 /* Main.storyboard in Resources */ = {isa = PBXBuildFile; fileRef = D6CAB0672501545500A0BBF4 /* Main.storyboard */; };
		D6CAB06C2501545500A0BBF4 /* VeeProject.xcdatamodeld in Sources */ = {isa = PBXBuildFile; fileRef = D6CAB06A2501545500A0BBF4 /* VeeProject.xcdatamodeld */; };
		D6CAB06E2501545700A0BBF4 /* Assets.xcassets in Resources */ = {isa = PBXBuildFile; fileRef = D6CAB06D2501545700A0BBF4 /* Assets.xcassets */; };
		D6CAB0712501545700A0BBF4 /* LaunchScreen.storyboard in Resources */ = {isa = PBXBuildFile; fileRef = D6CAB06F2501545700A0BBF4 /* LaunchScreen.storyboard */; };
		D6CAB07C250159D800A0BBF4 /* DataManger.swift in Sources */ = {isa = PBXBuildFile; fileRef = D6CAB07B250159D800A0BBF4 /* DataManger.swift */; };
		D6CAB07E25015D9300A0BBF4 /* Note.swift in Sources */ = {isa = PBXBuildFile; fileRef = D6CAB07D25015D9300A0BBF4 /* Note.swift */; };
		D6FFE22625020C1A002A544D /* Constants.swift in Sources */ = {isa = PBXBuildFile; fileRef = D6FFE22525020C1A002A544D /* Constants.swift */; };
		D6FFE22825020ECC002A544D /* NotesTableView.swift in Sources */ = {isa = PBXBuildFile; fileRef = D6FFE22725020ECC002A544D /* NotesTableView.swift */; };
		D6FFE22A25020EFE002A544D /* NotesTableView.xib in Resources */ = {isa = PBXBuildFile; fileRef = D6FFE22925020EFE002A544D /* NotesTableView.xib */; };
		D6FFE22D250212E9002A544D /* NoteCell.swift in Sources */ = {isa = PBXBuildFile; fileRef = D6FFE22B250212E9002A544D /* NoteCell.swift */; };
		D6FFE22E250212E9002A544D /* NoteCell.xib in Resources */ = {isa = PBXBuildFile; fileRef = D6FFE22C250212E9002A544D /* NoteCell.xib */; };
		D6FFE23025021EC1002A544D /* DateExtension.swift in Sources */ = {isa = PBXBuildFile; fileRef = D6FFE22F25021EC1002A544D /* DateExtension.swift */; };
		D6FFE232250225A3002A544D /* CreateAndEditNoteVC.swift in Sources */ = {isa = PBXBuildFile; fileRef = D6FFE231250225A3002A544D /* CreateAndEditNoteVC.swift */; };
		D6FFE23625029EFE002A544D /* ArchiveVC.swift in Sources */ = {isa = PBXBuildFile; fileRef = D6FFE23525029EFE002A544D /* ArchiveVC.swift */; };
/* End PBXBuildFile section */

/* Begin PBXFileReference section */
		D6CAB05E2501545500A0BBF4 /* VeeProject.app */ = {isa = PBXFileReference; explicitFileType = wrapper.application; includeInIndex = 0; path = VeeProject.app; sourceTree = BUILT_PRODUCTS_DIR; };
		D6CAB0612501545500A0BBF4 /* AppDelegate.swift */ = {isa = PBXFileReference; lastKnownFileType = sourcecode.swift; path = AppDelegate.swift; sourceTree = "<group>"; };
		D6CAB0632501545500A0BBF4 /* SceneDelegate.swift */ = {isa = PBXFileReference; lastKnownFileType = sourcecode.swift; path = SceneDelegate.swift; sourceTree = "<group>"; };
		D6CAB0652501545500A0BBF4 /* NotesVC.swift */ = {isa = PBXFileReference; lastKnownFileType = sourcecode.swift; path = NotesVC.swift; sourceTree = "<group>"; };
		D6CAB0682501545500A0BBF4 /* Base */ = {isa = PBXFileReference; lastKnownFileType = file.storyboard; name = Base; path = Base.lproj/Main.storyboard; sourceTree = "<group>"; };
		D6CAB06B2501545500A0BBF4 /* VeeProject.xcdatamodel */ = {isa = PBXFileReference; lastKnownFileType = wrapper.xcdatamodel; path = VeeProject.xcdatamodel; sourceTree = "<group>"; };
		D6CAB06D2501545700A0BBF4 /* Assets.xcassets */ = {isa = PBXFileReference; lastKnownFileType = folder.assetcatalog; path = Assets.xcassets; sourceTree = "<group>"; };
		D6CAB0702501545700A0BBF4 /* Base */ = {isa = PBXFileReference; lastKnownFileType = file.storyboard; name = Base; path = Base.lproj/LaunchScreen.storyboard; sourceTree = "<group>"; };
		D6CAB0722501545700A0BBF4 /* Info.plist */ = {isa = PBXFileReference; lastKnownFileType = text.plist.xml; path = Info.plist; sourceTree = "<group>"; };
		D6CAB07B250159D800A0BBF4 /* DataManger.swift */ = {isa = PBXFileReference; lastKnownFileType = sourcecode.swift; path = DataManger.swift; sourceTree = "<group>"; };
		D6CAB07D25015D9300A0BBF4 /* Note.swift */ = {isa = PBXFileReference; lastKnownFileType = sourcecode.swift; path = Note.swift; sourceTree = "<group>"; };
		D6FFE22525020C1A002A544D /* Constants.swift */ = {isa = PBXFileReference; lastKnownFileType = sourcecode.swift; path = Constants.swift; sourceTree = "<group>"; };
		D6FFE22725020ECC002A544D /* NotesTableView.swift */ = {isa = PBXFileReference; lastKnownFileType = sourcecode.swift; path = NotesTableView.swift; sourceTree = "<group>"; };
		D6FFE22925020EFE002A544D /* NotesTableView.xib */ = {isa = PBXFileReference; lastKnownFileType = file.xib; path = NotesTableView.xib; sourceTree = "<group>"; };
		D6FFE22B250212E9002A544D /* NoteCell.swift */ = {isa = PBXFileReference; lastKnownFileType = sourcecode.swift; path = NoteCell.swift; sourceTree = "<group>"; };
		D6FFE22C250212E9002A544D /* NoteCell.xib */ = {isa = PBXFileReference; lastKnownFileType = file.xib; path = NoteCell.xib; sourceTree = "<group>"; };
		D6FFE22F25021EC1002A544D /* DateExtension.swift */ = {isa = PBXFileReference; lastKnownFileType = sourcecode.swift; path = DateExtension.swift; sourceTree = "<group>"; };
		D6FFE231250225A3002A544D /* CreateAndEditNoteVC.swift */ = {isa = PBXFileReference; lastKnownFileType = sourcecode.swift; path = CreateAndEditNoteVC.swift; sourceTree = "<group>"; };
		D6FFE23525029EFE002A544D /* ArchiveVC.swift */ = {isa = PBXFileReference; lastKnownFileType = sourcecode.swift; path = ArchiveVC.swift; sourceTree = "<group>"; };
/* End PBXFileReference section */

/* Begin PBXFrameworksBuildPhase section */
		D6CAB05B2501545500A0BBF4 /* Frameworks */ = {
			isa = PBXFrameworksBuildPhase;
			buildActionMask = 2147483647;
			files = (
			);
			runOnlyForDeploymentPostprocessing = 0;
		};
/* End PBXFrameworksBuildPhase section */

/* Begin PBXGroup section */
		D6CAB0552501545500A0BBF4 = {
			isa = PBXGroup;
			children = (
				D6CAB0602501545500A0BBF4 /* VeeProject */,
				D6CAB05F2501545500A0BBF4 /* Products */,
			);
			sourceTree = "<group>";
		};
		D6CAB05F2501545500A0BBF4 /* Products */ = {
			isa = PBXGroup;
			children = (
				D6CAB05E2501545500A0BBF4 /* VeeProject.app */,
			);
			name = Products;
			sourceTree = "<group>";
		};
		D6CAB0602501545500A0BBF4 /* VeeProject */ = {
			isa = PBXGroup;
			children = (
				D6CAB07A2501598200A0BBF4 /* Model */,
				D6CAB0792501597B00A0BBF4 /* View */,
				D6CAB0782501597600A0BBF4 /* Controller */,
				D6CAB0612501545500A0BBF4 /* AppDelegate.swift */,
				D6CAB0632501545500A0BBF4 /* SceneDelegate.swift */,
				D6CAB06D2501545700A0BBF4 /* Assets.xcassets */,
				D6CAB0722501545700A0BBF4 /* Info.plist */,
				D6CAB06A2501545500A0BBF4 /* VeeProject.xcdatamodeld */,
			);
			path = VeeProject;
			sourceTree = "<group>";
		};
		D6CAB0782501597600A0BBF4 /* Controller */ = {
			isa = PBXGroup;
			children = (
				D6CAB0652501545500A0BBF4 /* NotesVC.swift */,
				D6FFE23525029EFE002A544D /* ArchiveVC.swift */,
				D6FFE231250225A3002A544D /* CreateAndEditNoteVC.swift */,
			);
			path = Controller;
			sourceTree = "<group>";
		};
		D6CAB0792501597B00A0BBF4 /* View */ = {
			isa = PBXGroup;
			children = (
				D6CAB06F2501545700A0BBF4 /* LaunchScreen.storyboard */,
				D6CAB0672501545500A0BBF4 /* Main.storyboard */,
				D6FFE22725020ECC002A544D /* NotesTableView.swift */,
				D6FFE22925020EFE002A544D /* NotesTableView.xib */,
				D6FFE22B250212E9002A544D /* NoteCell.swift */,
				D6FFE22C250212E9002A544D /* NoteCell.xib */,
			);
			path = View;
			sourceTree = "<group>";
		};
		D6CAB07A2501598200A0BBF4 /* Model */ = {
			isa = PBXGroup;
			children = (
				D6CAB07B250159D800A0BBF4 /* DataManger.swift */,
				D6CAB07D25015D9300A0BBF4 /* Note.swift */,
				D6FFE22525020C1A002A544D /* Constants.swift */,
				D6FFE22F25021EC1002A544D /* DateExtension.swift */,
			);
			path = Model;
			sourceTree = "<group>";
		};
/* End PBXGroup section */

/* Begin PBXNativeTarget section */
		D6CAB05D2501545500A0BBF4 /* VeeProject */ = {
			isa = PBXNativeTarget;
			buildConfigurationList = D6CAB0752501545700A0BBF4 /* Build configuration list for PBXNativeTarget "VeeProject" */;
			buildPhases = (
				D6CAB05A2501545500A0BBF4 /* Sources */,
				D6CAB05B2501545500A0BBF4 /* Frameworks */,
				D6CAB05C2501545500A0BBF4 /* Resources */,
			);
			buildRules = (
			);
			dependencies = (
			);
			name = VeeProject;
			productName = VeeProject;
			productReference = D6CAB05E2501545500A0BBF4 /* VeeProject.app */;
			productType = "com.apple.product-type.application";
		};
/* End PBXNativeTarget section */

/* Begin PBXProject section */
		D6CAB0562501545500A0BBF4 /* Project object */ = {
			isa = PBXProject;
			attributes = {
				LastSwiftUpdateCheck = 1160;
				LastUpgradeCheck = 1160;
				ORGANIZATIONNAME = "Neria Jerafi";
				TargetAttributes = {
					D6CAB05D2501545500A0BBF4 = {
						CreatedOnToolsVersion = 11.6;
					};
				};
			};
			buildConfigurationList = D6CAB0592501545500A0BBF4 /* Build configuration list for PBXProject "VeeProject" */;
			compatibilityVersion = "Xcode 9.3";
			developmentRegion = en;
			hasScannedForEncodings = 0;
			knownRegions = (
				en,
				Base,
			);
			mainGroup = D6CAB0552501545500A0BBF4;
			productRefGroup = D6CAB05F2501545500A0BBF4 /* Products */;
			projectDirPath = "";
			projectRoot = "";
			targets = (
				D6CAB05D2501545500A0BBF4 /* VeeProject */,
			);
		};
/* End PBXProject section */

/* Begin PBXResourcesBuildPhase section */
		D6CAB05C2501545500A0BBF4 /* Resources */ = {
			isa = PBXResourcesBuildPhase;
			buildActionMask = 2147483647;
			files = (
				D6FFE22E250212E9002A544D /* NoteCell.xib in Resources */,
				D6CAB0712501545700A0BBF4 /* LaunchScreen.storyboard in Resources */,
				D6CAB06E2501545700A0BBF4 /* Assets.xcassets in Resources */,
				D6CAB0692501545500A0BBF4 /* Main.storyboard in Resources */,
				D6FFE22A25020EFE002A544D /* NotesTableView.xib in Resources */,
			);
			runOnlyForDeploymentPostprocessing = 0;
		};
/* End PBXResourcesBuildPhase section */

/* Begin PBXSourcesBuildPhase section */
		D6CAB05A2501545500A0BBF4 /* Sources */ = {
			isa = PBXSourcesBuildPhase;
			buildActionMask = 2147483647;
			files = (
				D6FFE232250225A3002A544D /* CreateAndEditNoteVC.swift in Sources */,
				D6CAB0662501545500A0BBF4 /* NotesVC.swift in Sources */,
				D6FFE23625029EFE002A544D /* ArchiveVC.swift in Sources */,
				D6FFE23025021EC1002A544D /* DateExtension.swift in Sources */,
				D6CAB0622501545500A0BBF4 /* AppDelegate.swift in Sources */,
				D6CAB06C2501545500A0BBF4 /* VeeProject.xcdatamodeld in Sources */,
				D6FFE22825020ECC002A544D /* NotesTableView.swift in Sources */,
				D6CAB07C250159D800A0BBF4 /* DataManger.swift in Sources */,
				D6FFE22625020C1A002A544D /* Constants.swift in Sources */,
				D6FFE22D250212E9002A544D /* NoteCell.swift in Sources */,
				D6CAB0642501545500A0BBF4 /* SceneDelegate.swift in Sources */,
				D6CAB07E25015D9300A0BBF4 /* Note.swift in Sources */,
			);
			runOnlyForDeploymentPostprocessing = 0;
		};
/* End PBXSourcesBuildPhase section */

/* Begin PBXVariantGroup section */
		D6CAB0672501545500A0BBF4 /* Main.storyboard */ = {
			isa = PBXVariantGroup;
			children = (
				D6CAB0682501545500A0BBF4 /* Base */,
			);
			name = Main.storyboard;
			sourceTree = "<group>";
		};
		D6CAB06F2501545700A0BBF4 /* LaunchScreen.storyboard */ = {
			isa = PBXVariantGroup;
			children = (
				D6CAB0702501545700A0BBF4 /* Base */,
			);
			name = LaunchScreen.storyboard;
			sourceTree = "<group>";
		};
/* End PBXVariantGroup section */

/* Begin XCBuildConfiguration section */
		D6CAB0732501545700A0BBF4 /* Debug */ = {
			isa = XCBuildConfiguration;
			buildSettings = {
				ALWAYS_SEARCH_USER_PATHS = NO;
				CLANG_ANALYZER_NONNULL = YES;
				CLANG_ANALYZER_NUMBER_OBJECT_CONVERSION = YES_AGGRESSIVE;
				CLANG_CXX_LANGUAGE_STANDARD = "gnu++14";
				CLANG_CXX_LIBRARY = "libc++";
				CLANG_ENABLE_MODULES = YES;
				CLANG_ENABLE_OBJC_ARC = YES;
				CLANG_ENABLE_OBJC_WEAK = YES;
				CLANG_WARN_BLOCK_CAPTURE_AUTORELEASING = YES;
				CLANG_WARN_BOOL_CONVERSION = YES;
				CLANG_WARN_COMMA = YES;
				CLANG_WARN_CONSTANT_CONVERSION = YES;
				CLANG_WARN_DEPRECATED_OBJC_IMPLEMENTATIONS = YES;
				CLANG_WARN_DIRECT_OBJC_ISA_USAGE = YES_ERROR;
				CLANG_WARN_DOCUMENTATION_COMMENTS = YES;
				CLANG_WARN_EMPTY_BODY = YES;
				CLANG_WARN_ENUM_CONVERSION = YES;
				CLANG_WARN_INFINITE_RECURSION = YES;
				CLANG_WARN_INT_CONVERSION = YES;
				CLANG_WARN_NON_LITERAL_NULL_CONVERSION = YES;
				CLANG_WARN_OBJC_IMPLICIT_RETAIN_SELF = YES;
				CLANG_WARN_OBJC_LITERAL_CONVERSION = YES;
				CLANG_WARN_OBJC_ROOT_CLASS = YES_ERROR;
				CLANG_WARN_RANGE_LOOP_ANALYSIS = YES;
				CLANG_WARN_STRICT_PROTOTYPES = YES;
				CLANG_WARN_SUSPICIOUS_MOVE = YES;
				CLANG_WARN_UNGUARDED_AVAILABILITY = YES_AGGRESSIVE;
				CLANG_WARN_UNREACHABLE_CODE = YES;
				CLANG_WARN__DUPLICATE_METHOD_MATCH = YES;
				COPY_PHASE_STRIP = NO;
				DEBUG_INFORMATION_FORMAT = dwarf;
				ENABLE_STRICT_OBJC_MSGSEND = YES;
				ENABLE_TESTABILITY = YES;
				GCC_C_LANGUAGE_STANDARD = gnu11;
				GCC_DYNAMIC_NO_PIC = NO;
				GCC_NO_COMMON_BLOCKS = YES;
				GCC_OPTIMIZATION_LEVEL = 0;
				GCC_PREPROCESSOR_DEFINITIONS = (
					"DEBUG=1",
					"$(inherited)",
				);
				GCC_WARN_64_TO_32_BIT_CONVERSION = YES;
				GCC_WARN_ABOUT_RETURN_TYPE = YES_ERROR;
				GCC_WARN_UNDECLARED_SELECTOR = YES;
				GCC_WARN_UNINITIALIZED_AUTOS = YES_AGGRESSIVE;
				GCC_WARN_UNUSED_FUNCTION = YES;
				GCC_WARN_UNUSED_VARIABLE = YES;
				IPHONEOS_DEPLOYMENT_TARGET = 13.6;
				MTL_ENABLE_DEBUG_INFO = INCLUDE_SOURCE;
				MTL_FAST_MATH = YES;
				ONLY_ACTIVE_ARCH = YES;
				SDKROOT = iphoneos;
				SWIFT_ACTIVE_COMPILATION_CONDITIONS = DEBUG;
				SWIFT_OPTIMIZATION_LEVEL = "-Onone";
			};
			name = Debug;
		};
		D6CAB0742501545700A0BBF4 /* Release */ = {
			isa = XCBuildConfiguration;
			buildSettings = {
				ALWAYS_SEARCH_USER_PATHS = NO;
				CLANG_ANALYZER_NONNULL = YES;
				CLANG_ANALYZER_NUMBER_OBJECT_CONVERSION = YES_AGGRESSIVE;
				CLANG_CXX_LANGUAGE_STANDARD = "gnu++14";
				CLANG_CXX_LIBRARY = "libc++";
				CLANG_ENABLE_MODULES = YES;
				CLANG_ENABLE_OBJC_ARC = YES;
				CLANG_ENABLE_OBJC_WEAK = YES;
				CLANG_WARN_BLOCK_CAPTURE_AUTORELEASING = YES;
				CLANG_WARN_BOOL_CONVERSION = YES;
				CLANG_WARN_COMMA = YES;
				CLANG_WARN_CONSTANT_CONVERSION = YES;
				CLANG_WARN_DEPRECATED_OBJC_IMPLEMENTATIONS = YES;
				CLANG_WARN_DIRECT_OBJC_ISA_USAGE = YES_ERROR;
				CLANG_WARN_DOCUMENTATION_COMMENTS = YES;
				CLANG_WARN_EMPTY_BODY = YES;
				CLANG_WARN_ENUM_CONVERSION = YES;
				CLANG_WARN_INFINITE_RECURSION = YES;
				CLANG_WARN_INT_CONVERSION = YES;
				CLANG_WARN_NON_LITERAL_NULL_CONVERSION = YES;
				CLANG_WARN_OBJC_IMPLICIT_RETAIN_SELF = YES;
				CLANG_WARN_OBJC_LITERAL_CONVERSION = YES;
				CLANG_WARN_OBJC_ROOT_CLASS = YES_ERROR;
				CLANG_WARN_RANGE_LOOP_ANALYSIS = YES;
				CLANG_WARN_STRICT_PROTOTYPES = YES;
				CLANG_WARN_SUSPICIOUS_MOVE = YES;
				CLANG_WARN_UNGUARDED_AVAILABILITY = YES_AGGRESSIVE;
				CLANG_WARN_UNREACHABLE_CODE = YES;
				CLANG_WARN__DUPLICATE_METHOD_MATCH = YES;
				COPY_PHASE_STRIP = NO;
				DEBUG_INFORMATION_FORMAT = "dwarf-with-dsym";
				ENABLE_NS_ASSERTIONS = NO;
				ENABLE_STRICT_OBJC_MSGSEND = YES;
				GCC_C_LANGUAGE_STANDARD = gnu11;
				GCC_NO_COMMON_BLOCKS = YES;
				GCC_WARN_64_TO_32_BIT_CONVERSION = YES;
				GCC_WARN_ABOUT_RETURN_TYPE = YES_ERROR;
				GCC_WARN_UNDECLARED_SELECTOR = YES;
				GCC_WARN_UNINITIALIZED_AUTOS = YES_AGGRESSIVE;
				GCC_WARN_UNUSED_FUNCTION = YES;
				GCC_WARN_UNUSED_VARIABLE = YES;
				IPHONEOS_DEPLOYMENT_TARGET = 13.6;
				MTL_ENABLE_DEBUG_INFO = NO;
				MTL_FAST_MATH = YES;
				SDKROOT = iphoneos;
				SWIFT_COMPILATION_MODE = wholemodule;
				SWIFT_OPTIMIZATION_LEVEL = "-O";
				VALIDATE_PRODUCT = YES;
			};
			name = Release;
		};
		D6CAB0762501545700A0BBF4 /* Debug */ = {
			isa = XCBuildConfiguration;
			buildSettings = {
				ASSETCATALOG_COMPILER_APPICON_NAME = AppIcon;
				CODE_SIGN_STYLE = Automatic;
				DEVELOPMENT_TEAM = 3V5PB2ET49;
				INFOPLIST_FILE = VeeProject/Info.plist;
				LD_RUNPATH_SEARCH_PATHS = (
					"$(inherited)",
					"@executable_path/Frameworks",
				);
				PRODUCT_BUNDLE_IDENTIFIER = "com.Neria-Jerafi.VeeProject";
				PRODUCT_NAME = "$(TARGET_NAME)";
				SWIFT_VERSION = 5.0;
				TARGETED_DEVICE_FAMILY = "1,2";
			};
			name = Debug;
		};
		D6CAB0772501545700A0BBF4 /* Release */ = {
			isa = XCBuildConfiguration;
			buildSettings = {
				ASSETCATALOG_COMPILER_APPICON_NAME = AppIcon;
				CODE_SIGN_STYLE = Automatic;
				DEVELOPMENT_TEAM = 3V5PB2ET49;
				INFOPLIST_FILE = VeeProject/Info.plist;
				LD_RUNPATH_SEARCH_PATHS = (
					"$(inherited)",
					"@executable_path/Frameworks",
				);
				PRODUCT_BUNDLE_IDENTIFIER = "com.Neria-Jerafi.VeeProject";
				PRODUCT_NAME = "$(TARGET_NAME)";
				SWIFT_VERSION = 5.0;
				TARGETED_DEVICE_FAMILY = "1,2";
			};
			name = Release;
		};
/* End XCBuildConfiguration section */

/* Begin XCConfigurationList section */
		D6CAB0592501545500A0BBF4 /* Build configuration list for PBXProject "VeeProject" */ = {
			isa = XCConfigurationList;
			buildConfigurations = (
				D6CAB0732501545700A0BBF4 /* Debug */,
				D6CAB0742501545700A0BBF4 /* Release */,
			);
			defaultConfigurationIsVisible = 0;
			defaultConfigurationName = Release;
		};
		D6CAB0752501545700A0BBF4 /* Build configuration list for PBXNativeTarget "VeeProject" */ = {
			isa = XCConfigurationList;
			buildConfigurations = (
				D6CAB0762501545700A0BBF4 /* Debug */,
				D6CAB0772501545700A0BBF4 /* Release */,
			);
			defaultConfigurationIsVisible = 0;
			defaultConfigurationName = Release;
		};
/* End XCConfigurationList section */

/* Begin XCVersionGroup section */
		D6CAB06A2501545500A0BBF4 /* VeeProject.xcdatamodeld */ = {
			isa = XCVersionGroup;
			children = (
				D6CAB06B2501545500A0BBF4 /* VeeProject.xcdatamodel */,
			);
			currentVersion = D6CAB06B2501545500A0BBF4 /* VeeProject.xcdatamodel */;
			path = VeeProject.xcdatamodeld;
			sourceTree = "<group>";
			versionGroupType = wrapper.xcdatamodel;
		};
/* End XCVersionGroup section */
	};
	rootObject = D6CAB0562501545500A0BBF4 /* Project object */;
}
